
Microsoft Visual Studio Solution File, Format Version 12.00
# Visual Studio Version 16
VisualStudioVersion = 16.0.31321.278
MinimumVisualStudioVersion = 10.0.40219.1
Project("{FAE04EC0-301F-11D3-BF4B-00C04F79EFBC}") = "Vista", "Vista\Vista.csproj", "{F8CFBC0B-805E-4652-AAAC-918367E7DA59}"
EndProject
Project("{FAE04EC0-301F-11D3-BF4B-00C04F79EFBC}") = "Modelo", "Modelo\Modelo.csproj", "{4E46DCDB-87FD-4ED4-8461-280BF508E05E}"
EndProject
Global
	GlobalSection(SolutionConfigurationPlatforms) = preSolution
		Debug|Any CPU = Debug|Any CPU
		Release|Any CPU = Release|Any CPU
	EndGlobalSection
	GlobalSection(ProjectConfigurationPlatforms) = postSolution
		{F8CFBC0B-805E-4652-AAAC-918367E7DA59}.Debug|Any CPU.ActiveCfg = Debug|Any CPU
		{F8CFBC0B-805E-4652-AAAC-918367E7DA59}.Debug|Any CPU.Build.0 = Debug|Any CPU
		{F8CFBC0B-805E-4652-AAAC-918367E7DA59}.Release|Any CPU.ActiveCfg = Release|Any CPU
		{F8CFBC0B-805E-4652-AAAC-918367E7DA59}.Release|Any CPU.Build.0 = Release|Any CPU
		{4E46DCDB-87FD-4ED4-8461-280BF508E05E}.Debug|Any CPU.ActiveCfg = Debug|Any CPU
		{4E46DCDB-87FD-4ED4-8461-280BF508E05E}.Debug|Any CPU.Build.0 = Debug|Any CPU
		{4E46DCDB-87FD-4ED4-8461-280BF508E05E}.Release|Any CPU.ActiveCfg = Release|Any CPU
		{4E46DCDB-87FD-4ED4-8461-280BF508E05E}.Release|Any CPU.Build.0 = Release|Any CPU
	EndGlobalSection
	GlobalSection(SolutionProperties) = preSolution
		HideSolutionNode = FALSE
	EndGlobalSection
	GlobalSection(ExtensibilityGlobals) = postSolution
		SolutionGuid = {F3BD8648-037C-4AAE-A0C8-96F70FCF9E7C}
	EndGlobalSection
EndGlobal
